// !$*UTF8*$!
{
	archiveVersion = 1;
	classes = {
	};
	objectVersion = 50;
	objects = {

/* Begin PBXBuildFile section */
		3C472C622454489500D0E4A5 /* AppDelegate.swift in Sources */ = {isa = PBXBuildFile; fileRef = 3C472C612454489500D0E4A5 /* AppDelegate.swift */; };
		3C472C642454489500D0E4A5 /* SceneDelegate.swift in Sources */ = {isa = PBXBuildFile; fileRef = 3C472C632454489500D0E4A5 /* SceneDelegate.swift */; };
		3C472C662454489500D0E4A5 /* HomeViewController.swift in Sources */ = {isa = PBXBuildFile; fileRef = 3C472C652454489500D0E4A5 /* HomeViewController.swift */; };
		3C472C692454489500D0E4A5 /* Main.storyboard in Resources */ = {isa = PBXBuildFile; fileRef = 3C472C672454489500D0E4A5 /* Main.storyboard */; };
		3C472C6B2454489C00D0E4A5 /* Assets.xcassets in Resources */ = {isa = PBXBuildFile; fileRef = 3C472C6A2454489C00D0E4A5 /* Assets.xcassets */; };
		3C472C7E2454508600D0E4A5 /* LaunchScreen.xib in Resources */ = {isa = PBXBuildFile; fileRef = 3C472C7D2454508600D0E4A5 /* LaunchScreen.xib */; };
		3C472C80245450F300D0E4A5 /* LaunchScreenManager.swift in Sources */ = {isa = PBXBuildFile; fileRef = 3C472C7F245450F300D0E4A5 /* LaunchScreenManager.swift */; };
		3C472C84245456A500D0E4A5 /* UIViewController+General.swift in Sources */ = {isa = PBXBuildFile; fileRef = 3C472C83245456A500D0E4A5 /* UIViewController+General.swift */; };
		3C472C872454D4C500D0E4A5 /* UIColor+Adds.swift in Sources */ = {isa = PBXBuildFile; fileRef = 3C472C862454D4C500D0E4A5 /* UIColor+Adds.swift */; };
		3C472C8C2454E9B600D0E4A5 /* UINavigationBar+Adds.swift in Sources */ = {isa = PBXBuildFile; fileRef = 3C472C8B2454E9B600D0E4A5 /* UINavigationBar+Adds.swift */; };
		3C472C8E2454F81C00D0E4A5 /* UIView+Adds.swift in Sources */ = {isa = PBXBuildFile; fileRef = 3C472C8D2454F81C00D0E4A5 /* UIView+Adds.swift */; };
		3C472C912454FA2D00D0E4A5 /* HomeViewController2.swift in Sources */ = {isa = PBXBuildFile; fileRef = 3C472C902454FA2D00D0E4A5 /* HomeViewController2.swift */; };
		3C472C952455051800D0E4A5 /* ItemCollectionViewCell.swift in Sources */ = {isa = PBXBuildFile; fileRef = 3C472C932455051800D0E4A5 /* ItemCollectionViewCell.swift */; };
		3C472C962455051800D0E4A5 /* ItemCollectionViewCell.xib in Resources */ = {isa = PBXBuildFile; fileRef = 3C472C942455051800D0E4A5 /* ItemCollectionViewCell.xib */; };
		3C4930F42455680B00C6A2A4 /* Onboarding.storyboard in Resources */ = {isa = PBXBuildFile; fileRef = 3C4930F32455680B00C6A2A4 /* Onboarding.storyboard */; };
		3C4930F72455688400C6A2A4 /* WelcomeViewController.swift in Sources */ = {isa = PBXBuildFile; fileRef = 3C4930F62455688400C6A2A4 /* WelcomeViewController.swift */; };
		3CB7FE61245A9BCB00CBA4BC /* BaseViewController.swift in Sources */ = {isa = PBXBuildFile; fileRef = 3CB7FE60245A9BCB00CBA4BC /* BaseViewController.swift */; };
		3CB7FE63245AA36000CBA4BC /* LoginViewController.swift in Sources */ = {isa = PBXBuildFile; fileRef = 3CB7FE62245AA36000CBA4BC /* LoginViewController.swift */; };
		3CB7FE65245AA3A500CBA4BC /* TourViewController.swift in Sources */ = {isa = PBXBuildFile; fileRef = 3CB7FE64245AA3A500CBA4BC /* TourViewController.swift */; };
		3CB7FE68245AA67200CBA4BC /* AppButton.swift in Sources */ = {isa = PBXBuildFile; fileRef = 3CB7FE67245AA67200CBA4BC /* AppButton.swift */; };
/* End PBXBuildFile section */

/* Begin PBXFileReference section */
		3C472C5E2454489500D0E4A5 /* Icot College.app */ = {isa = PBXFileReference; explicitFileType = wrapper.application; includeInIndex = 0; path = "Icot College.app"; sourceTree = BUILT_PRODUCTS_DIR; };
		3C472C612454489500D0E4A5 /* AppDelegate.swift */ = {isa = PBXFileReference; lastKnownFileType = sourcecode.swift; path = AppDelegate.swift; sourceTree = "<group>"; };
		3C472C632454489500D0E4A5 /* SceneDelegate.swift */ = {isa = PBXFileReference; lastKnownFileType = sourcecode.swift; path = SceneDelegate.swift; sourceTree = "<group>"; };
		3C472C652454489500D0E4A5 /* HomeViewController.swift */ = {isa = PBXFileReference; lastKnownFileType = sourcecode.swift; path = HomeViewController.swift; sourceTree = "<group>"; };
		3C472C682454489500D0E4A5 /* Base */ = {isa = PBXFileReference; lastKnownFileType = file.storyboard; name = Base; path = Base.lproj/Main.storyboard; sourceTree = "<group>"; };
		3C472C6A2454489C00D0E4A5 /* Assets.xcassets */ = {isa = PBXFileReference; lastKnownFileType = folder.assetcatalog; path = Assets.xcassets; sourceTree = "<group>"; };
		3C472C6F2454489C00D0E4A5 /* Info.plist */ = {isa = PBXFileReference; lastKnownFileType = text.plist.xml; path = Info.plist; sourceTree = "<group>"; };
		3C472C7D2454508600D0E4A5 /* LaunchScreen.xib */ = {isa = PBXFileReference; lastKnownFileType = file.xib; path = LaunchScreen.xib; sourceTree = "<group>"; };
		3C472C7F245450F300D0E4A5 /* LaunchScreenManager.swift */ = {isa = PBXFileReference; fileEncoding = 4; lastKnownFileType = sourcecode.swift; path = LaunchScreenManager.swift; sourceTree = "<group>"; };
		3C472C83245456A500D0E4A5 /* UIViewController+General.swift */ = {isa = PBXFileReference; fileEncoding = 4; lastKnownFileType = sourcecode.swift; path = "UIViewController+General.swift"; sourceTree = "<group>"; };
		3C472C862454D4C500D0E4A5 /* UIColor+Adds.swift */ = {isa = PBXFileReference; lastKnownFileType = sourcecode.swift; path = "UIColor+Adds.swift"; sourceTree = "<group>"; };
		3C472C8B2454E9B600D0E4A5 /* UINavigationBar+Adds.swift */ = {isa = PBXFileReference; lastKnownFileType = sourcecode.swift; path = "UINavigationBar+Adds.swift"; sourceTree = "<group>"; };
		3C472C8D2454F81C00D0E4A5 /* UIView+Adds.swift */ = {isa = PBXFileReference; lastKnownFileType = sourcecode.swift; path = "UIView+Adds.swift"; sourceTree = "<group>"; };
		3C472C902454FA2D00D0E4A5 /* HomeViewController2.swift */ = {isa = PBXFileReference; lastKnownFileType = sourcecode.swift; path = HomeViewController2.swift; sourceTree = "<group>"; };
		3C472C932455051800D0E4A5 /* ItemCollectionViewCell.swift */ = {isa = PBXFileReference; lastKnownFileType = sourcecode.swift; path = ItemCollectionViewCell.swift; sourceTree = "<group>"; };
		3C472C942455051800D0E4A5 /* ItemCollectionViewCell.xib */ = {isa = PBXFileReference; lastKnownFileType = file.xib; path = ItemCollectionViewCell.xib; sourceTree = "<group>"; };
		3C4930F32455680B00C6A2A4 /* Onboarding.storyboard */ = {isa = PBXFileReference; lastKnownFileType = file.storyboard; path = Onboarding.storyboard; sourceTree = "<group>"; };
		3C4930F62455688400C6A2A4 /* WelcomeViewController.swift */ = {isa = PBXFileReference; lastKnownFileType = sourcecode.swift; path = WelcomeViewController.swift; sourceTree = "<group>"; };
		3CB7FE60245A9BCB00CBA4BC /* BaseViewController.swift */ = {isa = PBXFileReference; lastKnownFileType = sourcecode.swift; path = BaseViewController.swift; sourceTree = "<group>"; };
		3CB7FE62245AA36000CBA4BC /* LoginViewController.swift */ = {isa = PBXFileReference; lastKnownFileType = sourcecode.swift; path = LoginViewController.swift; sourceTree = "<group>"; };
		3CB7FE64245AA3A500CBA4BC /* TourViewController.swift */ = {isa = PBXFileReference; lastKnownFileType = sourcecode.swift; path = TourViewController.swift; sourceTree = "<group>"; };
		3CB7FE67245AA67200CBA4BC /* AppButton.swift */ = {isa = PBXFileReference; fileEncoding = 4; lastKnownFileType = sourcecode.swift; path = AppButton.swift; sourceTree = "<group>"; };
/* End PBXFileReference section */

/* Begin PBXFrameworksBuildPhase section */
		3C472C5B2454489500D0E4A5 /* Frameworks */ = {
			isa = PBXFrameworksBuildPhase;
			buildActionMask = 2147483647;
			files = (
			);
			runOnlyForDeploymentPostprocessing = 0;
		};
/* End PBXFrameworksBuildPhase section */

/* Begin PBXGroup section */
		3C472C552454489500D0E4A5 = {
			isa = PBXGroup;
			children = (
				3C472C602454489500D0E4A5 /* Icot College */,
				3C472C7624544B8600D0E4A5 /* Resources */,
				3C472C5F2454489500D0E4A5 /* Products */,
			);
			sourceTree = "<group>";
		};
		3C472C5F2454489500D0E4A5 /* Products */ = {
			isa = PBXGroup;
			children = (
				3C472C5E2454489500D0E4A5 /* Icot College.app */,
			);
			name = Products;
			sourceTree = "<group>";
		};
		3C472C602454489500D0E4A5 /* Icot College */ = {
			isa = PBXGroup;
			children = (
				3C472C612454489500D0E4A5 /* AppDelegate.swift */,
				3C472C632454489500D0E4A5 /* SceneDelegate.swift */,
				3CB7FE60245A9BCB00CBA4BC /* BaseViewController.swift */,
				3CB7FE69245AAC9700CBA4BC /* General */,
				3C472C7724544B9900D0E4A5 /* Storyboards */,
				3C472C8F2454F9F500D0E4A5 /* Home Controllers */,
				3C4930F52455682F00C6A2A4 /* Onboarding Controllers */,
			);
			path = "Icot College";
			sourceTree = "<group>";
		};
		3C472C7624544B8600D0E4A5 /* Resources */ = {
			isa = PBXGroup;
			children = (
				3C472C6A2454489C00D0E4A5 /* Assets.xcassets */,
				3C472C6F2454489C00D0E4A5 /* Info.plist */,
			);
			path = Resources;
			sourceTree = "<group>";
		};
		3C472C7724544B9900D0E4A5 /* Storyboards */ = {
			isa = PBXGroup;
			children = (
				3C472C92245504EE00D0E4A5 /* CustomViews */,
				3C472C7824544BB300D0E4A5 /* LaunchScreen */,
				3C4930F32455680B00C6A2A4 /* Onboarding.storyboard */,
				3C472C672454489500D0E4A5 /* Main.storyboard */,
			);
			path = Storyboards;
			sourceTree = "<group>";
		};
		3C472C7824544BB300D0E4A5 /* LaunchScreen */ = {
			isa = PBXGroup;
			children = (
				3C472C7F245450F300D0E4A5 /* LaunchScreenManager.swift */,
				3C472C7D2454508600D0E4A5 /* LaunchScreen.xib */,
			);
			path = LaunchScreen;
			sourceTree = "<group>";
		};
		3C472C85245456A800D0E4A5 /* Extensions */ = {
			isa = PBXGroup;
			children = (
				3C472C83245456A500D0E4A5 /* UIViewController+General.swift */,
				3C472C8B2454E9B600D0E4A5 /* UINavigationBar+Adds.swift */,
				3C472C8D2454F81C00D0E4A5 /* UIView+Adds.swift */,
				3C472C862454D4C500D0E4A5 /* UIColor+Adds.swift */,
			);
			path = Extensions;
			sourceTree = "<group>";
		};
		3C472C8F2454F9F500D0E4A5 /* Home Controllers */ = {
			isa = PBXGroup;
			children = (
				3C472C652454489500D0E4A5 /* HomeViewController.swift */,
				3C472C902454FA2D00D0E4A5 /* HomeViewController2.swift */,
			);
			path = "Home Controllers";
			sourceTree = "<group>";
		};
		3C472C92245504EE00D0E4A5 /* CustomViews */ = {
			isa = PBXGroup;
			children = (
				3C472C932455051800D0E4A5 /* ItemCollectionViewCell.swift */,
				3C472C942455051800D0E4A5 /* ItemCollectionViewCell.xib */,
			);
			path = CustomViews;
			sourceTree = "<group>";
		};
		3C4930F52455682F00C6A2A4 /* Onboarding Controllers */ = {
			isa = PBXGroup;
			children = (
				3C4930F62455688400C6A2A4 /* WelcomeViewController.swift */,
				3CB7FE62245AA36000CBA4BC /* LoginViewController.swift */,
				3CB7FE64245AA3A500CBA4BC /* TourViewController.swift */,
			);
			path = "Onboarding Controllers";
			sourceTree = "<group>";
		};
		3CB7FE66245AA64C00CBA4BC /* Custom Components */ = {
			isa = PBXGroup;
			children = (
				3CB7FE67245AA67200CBA4BC /* AppButton.swift */,
			);
			path = "Custom Components";
			sourceTree = "<group>";
		};
		3CB7FE69245AAC9700CBA4BC /* General */ = {
			isa = PBXGroup;
			children = (
				3C472C85245456A800D0E4A5 /* Extensions */,
				3CB7FE66245AA64C00CBA4BC /* Custom Components */,
			);
			path = General;
			sourceTree = "<group>";
		};
/* End PBXGroup section */

/* Begin PBXNativeTarget section */
		3C472C5D2454489500D0E4A5 /* Icot College */ = {
			isa = PBXNativeTarget;
			buildConfigurationList = 3C472C722454489C00D0E4A5 /* Build configuration list for PBXNativeTarget "Icot College" */;
			buildPhases = (
				3C472C5A2454489500D0E4A5 /* Sources */,
				3C472C5B2454489500D0E4A5 /* Frameworks */,
				3C472C5C2454489500D0E4A5 /* Resources */,
			);
			buildRules = (
			);
			dependencies = (
			);
			name = "Icot College";
			productName = "Icot College";
			productReference = 3C472C5E2454489500D0E4A5 /* Icot College.app */;
			productType = "com.apple.product-type.application";
		};
/* End PBXNativeTarget section */

/* Begin PBXProject section */
		3C472C562454489500D0E4A5 /* Project object */ = {
			isa = PBXProject;
			attributes = {
				LastSwiftUpdateCheck = 1140;
				LastUpgradeCheck = 1140;
				ORGANIZATIONNAME = krentz;
				TargetAttributes = {
					3C472C5D2454489500D0E4A5 = {
						CreatedOnToolsVersion = 11.4.1;
					};
				};
			};
			buildConfigurationList = 3C472C592454489500D0E4A5 /* Build configuration list for PBXProject "Icot College" */;
			compatibilityVersion = "Xcode 9.3";
			developmentRegion = en;
			hasScannedForEncodings = 0;
			knownRegions = (
				en,
				Base,
			);
			mainGroup = 3C472C552454489500D0E4A5;
			productRefGroup = 3C472C5F2454489500D0E4A5 /* Products */;
			projectDirPath = "";
			projectRoot = "";
			targets = (
				3C472C5D2454489500D0E4A5 /* Icot College */,
			);
		};
/* End PBXProject section */

/* Begin PBXResourcesBuildPhase section */
		3C472C5C2454489500D0E4A5 /* Resources */ = {
			isa = PBXResourcesBuildPhase;
			buildActionMask = 2147483647;
			files = (
				3C472C6B2454489C00D0E4A5 /* Assets.xcassets in Resources */,
				3C4930F42455680B00C6A2A4 /* Onboarding.storyboard in Resources */,
				3C472C962455051800D0E4A5 /* ItemCollectionViewCell.xib in Resources */,
				3C472C7E2454508600D0E4A5 /* LaunchScreen.xib in Resources */,
				3C472C692454489500D0E4A5 /* Main.storyboard in Resources */,
			);
			runOnlyForDeploymentPostprocessing = 0;
		};
/* End PBXResourcesBuildPhase section */

/* Begin PBXSourcesBuildPhase section */
		3C472C5A2454489500D0E4A5 /* Sources */ = {
			isa = PBXSourcesBuildPhase;
			buildActionMask = 2147483647;
			files = (
				3C472C662454489500D0E4A5 /* HomeViewController.swift in Sources */,
				3C472C84245456A500D0E4A5 /* UIViewController+General.swift in Sources */,
				3C4930F72455688400C6A2A4 /* WelcomeViewController.swift in Sources */,
				3C472C622454489500D0E4A5 /* AppDelegate.swift in Sources */,
				3C472C8C2454E9B600D0E4A5 /* UINavigationBar+Adds.swift in Sources */,
				3CB7FE61245A9BCB00CBA4BC /* BaseViewController.swift in Sources */,
				3CB7FE65245AA3A500CBA4BC /* TourViewController.swift in Sources */,
				3C472C8E2454F81C00D0E4A5 /* UIView+Adds.swift in Sources */,
				3C472C952455051800D0E4A5 /* ItemCollectionViewCell.swift in Sources */,
				3CB7FE68245AA67200CBA4BC /* AppButton.swift in Sources */,
				3C472C872454D4C500D0E4A5 /* UIColor+Adds.swift in Sources */,
				3C472C80245450F300D0E4A5 /* LaunchScreenManager.swift in Sources */,
				3C472C642454489500D0E4A5 /* SceneDelegate.swift in Sources */,
				3CB7FE63245AA36000CBA4BC /* LoginViewController.swift in Sources */,
				3C472C912454FA2D00D0E4A5 /* HomeViewController2.swift in Sources */,
			);
			runOnlyForDeploymentPostprocessing = 0;
		};
/* End PBXSourcesBuildPhase section */

/* Begin PBXVariantGroup section */
		3C472C672454489500D0E4A5 /* Main.storyboard */ = {
			isa = PBXVariantGroup;
			children = (
				3C472C682454489500D0E4A5 /* Base */,
			);
			name = Main.storyboard;
			sourceTree = "<group>";
		};
/* End PBXVariantGroup section */

/* Begin XCBuildConfiguration section */
		3C472C702454489C00D0E4A5 /* Debug */ = {
			isa = XCBuildConfiguration;
			buildSettings = {
				ALWAYS_SEARCH_USER_PATHS = NO;
				CLANG_ANALYZER_NONNULL = YES;
				CLANG_ANALYZER_NUMBER_OBJECT_CONVERSION = YES_AGGRESSIVE;
				CLANG_CXX_LANGUAGE_STANDARD = "gnu++14";
				CLANG_CXX_LIBRARY = "libc++";
				CLANG_ENABLE_MODULES = YES;
				CLANG_ENABLE_OBJC_ARC = YES;
				CLANG_ENABLE_OBJC_WEAK = YES;
				CLANG_WARN_BLOCK_CAPTURE_AUTORELEASING = YES;
				CLANG_WARN_BOOL_CONVERSION = YES;
				CLANG_WARN_COMMA = YES;
				CLANG_WARN_CONSTANT_CONVERSION = YES;
				CLANG_WARN_DEPRECATED_OBJC_IMPLEMENTATIONS = YES;
				CLANG_WARN_DIRECT_OBJC_ISA_USAGE = YES_ERROR;
				CLANG_WARN_DOCUMENTATION_COMMENTS = YES;
				CLANG_WARN_EMPTY_BODY = YES;
				CLANG_WARN_ENUM_CONVERSION = YES;
				CLANG_WARN_INFINITE_RECURSION = YES;
				CLANG_WARN_INT_CONVERSION = YES;
				CLANG_WARN_NON_LITERAL_NULL_CONVERSION = YES;
				CLANG_WARN_OBJC_IMPLICIT_RETAIN_SELF = YES;
				CLANG_WARN_OBJC_LITERAL_CONVERSION = YES;
				CLANG_WARN_OBJC_ROOT_CLASS = YES_ERROR;
				CLANG_WARN_RANGE_LOOP_ANALYSIS = YES;
				CLANG_WARN_STRICT_PROTOTYPES = YES;
				CLANG_WARN_SUSPICIOUS_MOVE = YES;
				CLANG_WARN_UNGUARDED_AVAILABILITY = YES_AGGRESSIVE;
				CLANG_WARN_UNREACHABLE_CODE = YES;
				CLANG_WARN__DUPLICATE_METHOD_MATCH = YES;
				COPY_PHASE_STRIP = NO;
				DEBUG_INFORMATION_FORMAT = dwarf;
				ENABLE_STRICT_OBJC_MSGSEND = YES;
				ENABLE_TESTABILITY = YES;
				GCC_C_LANGUAGE_STANDARD = gnu11;
				GCC_DYNAMIC_NO_PIC = NO;
				GCC_NO_COMMON_BLOCKS = YES;
				GCC_OPTIMIZATION_LEVEL = 0;
				GCC_PREPROCESSOR_DEFINITIONS = (
					"DEBUG=1",
					"$(inherited)",
				);
				GCC_WARN_64_TO_32_BIT_CONVERSION = YES;
				GCC_WARN_ABOUT_RETURN_TYPE = YES_ERROR;
				GCC_WARN_UNDECLARED_SELECTOR = YES;
				GCC_WARN_UNINITIALIZED_AUTOS = YES_AGGRESSIVE;
				GCC_WARN_UNUSED_FUNCTION = YES;
				GCC_WARN_UNUSED_VARIABLE = YES;
				IPHONEOS_DEPLOYMENT_TARGET = 13.4;
				MTL_ENABLE_DEBUG_INFO = INCLUDE_SOURCE;
				MTL_FAST_MATH = YES;
				ONLY_ACTIVE_ARCH = YES;
				SDKROOT = iphoneos;
				SWIFT_ACTIVE_COMPILATION_CONDITIONS = DEBUG;
				SWIFT_OPTIMIZATION_LEVEL = "-Onone";
			};
			name = Debug;
		};
		3C472C712454489C00D0E4A5 /* Release */ = {
			isa = XCBuildConfiguration;
			buildSettings = {
				ALWAYS_SEARCH_USER_PATHS = NO;
				CLANG_ANALYZER_NONNULL = YES;
				CLANG_ANALYZER_NUMBER_OBJECT_CONVERSION = YES_AGGRESSIVE;
				CLANG_CXX_LANGUAGE_STANDARD = "gnu++14";
				CLANG_CXX_LIBRARY = "libc++";
				CLANG_ENABLE_MODULES = YES;
				CLANG_ENABLE_OBJC_ARC = YES;
				CLANG_ENABLE_OBJC_WEAK = YES;
				CLANG_WARN_BLOCK_CAPTURE_AUTORELEASING = YES;
				CLANG_WARN_BOOL_CONVERSION = YES;
				CLANG_WARN_COMMA = YES;
				CLANG_WARN_CONSTANT_CONVERSION = YES;
				CLANG_WARN_DEPRECATED_OBJC_IMPLEMENTATIONS = YES;
				CLANG_WARN_DIRECT_OBJC_ISA_USAGE = YES_ERROR;
				CLANG_WARN_DOCUMENTATION_COMMENTS = YES;
				CLANG_WARN_EMPTY_BODY = YES;
				CLANG_WARN_ENUM_CONVERSION = YES;
				CLANG_WARN_INFINITE_RECURSION = YES;
				CLANG_WARN_INT_CONVERSION = YES;
				CLANG_WARN_NON_LITERAL_NULL_CONVERSION = YES;
				CLANG_WARN_OBJC_IMPLICIT_RETAIN_SELF = YES;
				CLANG_WARN_OBJC_LITERAL_CONVERSION = YES;
				CLANG_WARN_OBJC_ROOT_CLASS = YES_ERROR;
				CLANG_WARN_RANGE_LOOP_ANALYSIS = YES;
				CLANG_WARN_STRICT_PROTOTYPES = YES;
				CLANG_WARN_SUSPICIOUS_MOVE = YES;
				CLANG_WARN_UNGUARDED_AVAILABILITY = YES_AGGRESSIVE;
				CLANG_WARN_UNREACHABLE_CODE = YES;
				CLANG_WARN__DUPLICATE_METHOD_MATCH = YES;
				COPY_PHASE_STRIP = NO;
				DEBUG_INFORMATION_FORMAT = "dwarf-with-dsym";
				ENABLE_NS_ASSERTIONS = NO;
				ENABLE_STRICT_OBJC_MSGSEND = YES;
				GCC_C_LANGUAGE_STANDARD = gnu11;
				GCC_NO_COMMON_BLOCKS = YES;
				GCC_WARN_64_TO_32_BIT_CONVERSION = YES;
				GCC_WARN_ABOUT_RETURN_TYPE = YES_ERROR;
				GCC_WARN_UNDECLARED_SELECTOR = YES;
				GCC_WARN_UNINITIALIZED_AUTOS = YES_AGGRESSIVE;
				GCC_WARN_UNUSED_FUNCTION = YES;
				GCC_WARN_UNUSED_VARIABLE = YES;
				IPHONEOS_DEPLOYMENT_TARGET = 13.4;
				MTL_ENABLE_DEBUG_INFO = NO;
				MTL_FAST_MATH = YES;
				SDKROOT = iphoneos;
				SWIFT_COMPILATION_MODE = wholemodule;
				SWIFT_OPTIMIZATION_LEVEL = "-O";
				VALIDATE_PRODUCT = YES;
			};
			name = Release;
		};
		3C472C732454489C00D0E4A5 /* Debug */ = {
			isa = XCBuildConfiguration;
			buildSettings = {
				ASSETCATALOG_COMPILER_APPICON_NAME = AppIcon;
				CODE_SIGN_STYLE = Automatic;
				DEVELOPMENT_TEAM = R8ZX2P739G;
				INFOPLIST_FILE = Resources/Info.plist;
				LD_RUNPATH_SEARCH_PATHS = (
					"$(inherited)",
					"@executable_path/Frameworks",
				);
				PRODUCT_BUNDLE_IDENTIFIER = "com.Icot-College";
				PRODUCT_NAME = "$(TARGET_NAME)";
				SWIFT_VERSION = 5.0;
				TARGETED_DEVICE_FAMILY = "1,2";
			};
			name = Debug;
		};
		3C472C742454489C00D0E4A5 /* Release */ = {
			isa = XCBuildConfiguration;
			buildSettings = {
				ASSETCATALOG_COMPILER_APPICON_NAME = AppIcon;
				CODE_SIGN_STYLE = Automatic;
				DEVELOPMENT_TEAM = R8ZX2P739G;
				INFOPLIST_FILE = Resources/Info.plist;
				LD_RUNPATH_SEARCH_PATHS = (
					"$(inherited)",
					"@executable_path/Frameworks",
				);
				PRODUCT_BUNDLE_IDENTIFIER = "com.Icot-College";
				PRODUCT_NAME = "$(TARGET_NAME)";
				SWIFT_VERSION = 5.0;
				TARGETED_DEVICE_FAMILY = "1,2";
			};
			name = Release;
		};
/* End XCBuildConfiguration section */

/* Begin XCConfigurationList section */
		3C472C592454489500D0E4A5 /* Build configuration list for PBXProject "Icot College" */ = {
			isa = XCConfigurationList;
			buildConfigurations = (
				3C472C702454489C00D0E4A5 /* Debug */,
				3C472C712454489C00D0E4A5 /* Release */,
			);
			defaultConfigurationIsVisible = 0;
			defaultConfigurationName = Release;
		};
		3C472C722454489C00D0E4A5 /* Build configuration list for PBXNativeTarget "Icot College" */ = {
			isa = XCConfigurationList;
			buildConfigurations = (
				3C472C732454489C00D0E4A5 /* Debug */,
				3C472C742454489C00D0E4A5 /* Release */,
			);
			defaultConfigurationIsVisible = 0;
			defaultConfigurationName = Release;
		};
/* End XCConfigurationList section */
	};
	rootObject = 3C472C562454489500D0E4A5 /* Project object */;
}
